{
  "name": "@nooutco/account-engine",
  "version": "0.1.0",
  "lockfileVersion": 3,
  "requires": true,
  "packages": {
    "": {
      "name": "@nooutco/account-engine",
      "version": "0.1.0",
      "devDependencies": {
        "playwright": "1.56.1",
        "workerd": "1.20260930.2"
      },
      "engines": {
        "node": ">=22"
      }
    },
    "node_modules/@cloudflare/workerd-darwin-64": {
      "version": "1.20260930.2",
      "resolved": "https://registry.npmjs.org/@cloudflare/workerd-darwin-64/-/workerd-darwin-64-1.20260930.2.tgz",
      "integrity": "sha512-wxKsfekWeev6xkjHEMx3x7nz6WfWOn1/scQ8geqWQhUm8qRl1ZRZhjnj+rucIMLhLhP9RGSYMZIjEm3AV0zwVQ==",
      "cpu": [
        "x64"
      ],
      "dev": true,
      "license": "Apache-2.0",
      "optional": true,
      "os": [
        "darwin"
      ],
      "engines": {
        "node": ">=16"
      }
    },
    "node_modules/@cloudflare/workerd-darwin-arm64": {
      "version": "1.20260930.2",
      "resolved": "https://registry.npmjs.org/@cloudflare/workerd-darwin-arm64/-/workerd-darwin-arm64-1.20260930.2.tgz",
      "integrity": "sha512-cviPpheZGQ2H5X+Ctxd3wfxhksNrdyoNprjSgg3br2+psetKacjdEvK8CILdN/2GF+u1KOExvr45amSL6lgzGA==",
      "cpu": [
        "arm64"
      ],
      "dev": true,
      "license": "Apache-2.0",
      "optional": true,
      "os": [
        "darwin"
      ],
      "engines": {
        "node": ">=16"
      }
    },
    "node_modules/@cloudflare/workerd-linux-64": {
      "version": "1.20260930.2",
      "resolved": "https://registry.npmjs.org/@cloudflare/workerd-linux-64/-/workerd-linux-64-1.20260930.2.tgz",
      "integrity": "sha512-cwrJAC5y/avPd1OzGyhc5OvUUfPXBFc065TY5CjXp7Hb3dhiTx6JeB5Pc8L3G8L8M44HyAfRHSpoLtRr+SR3cQ==",
      "cpu": [
        "x64"
      ],
      "dev": true,
      "license": "Apache-2.0",
      "optional": true,
      "os": [
        "linux"
      ],
      "engines": {
        "node": ">=16"
      }
    },
    "node_modules/@cloudflare/workerd-linux-arm64": {
      "version": "1.20260930.2",
      "resolved": "https://registry.npmjs.org/@cloudflare/workerd-linux-arm64/-/workerd-linux-arm64-1.20260930.2.tgz",
      "integrity": "sha512-FHucB4gak1IuT+IxLx3KbtMBMapZhcqD9EdhHvBxk1FpHwD2QU5x26MRRVN53jIKG/O25HUmE9yffb3cMANQgw==",
      "cpu": [
        "arm64"
      ],
      "dev": true,
      "license": "Apache-2.0",
      "optional": true,
      "os": [
        "linux"
      ],
      "engines": {
        "node": ">=16"
      }
    },
    "node_modules/@cloudflare/workerd-windows-64": {
      "version": "1.20260930.2",
      "resolved": "https://registry.npmjs.org/@cloudflare/workerd-windows-64/-/workerd-windows-64-1.20260930.2.tgz",
      "integrity": "sha512-JHFMdGFMqP+M2QiVzZq1S8Ie66Gvxo7Og5EYz/KtmDvGCqge5L3lK+ksZxAhF3j/tpSLqdvlUvcTKoR9PkwTTQ==",
      "cpu": [
        "x64"
      ],
      "dev": true,
      "license": "Apache-2.0",
      "optional": true,
      "os": [
        "win32"
      ],
      "engines": {
        "node": ">=16"
      }
    },
    "node_modules/fsevents": {
      "version": "2.3.2",
      "resolved": "https://registry.npmjs.org/fsevents/-/fsevents-2.3.2.tgz",
      "integrity": "sha512-xiqMQR4xAeHTuB9uWm+fFRcIOgKBMiOBP+eXiyT7jsgVCq1bkVygt00oASowB7EdtpOHaaPgKt812P9ab+DDKA==",
      "dev": true,
      "hasInstallScript": true,
      "license": "MIT",
      "optional": true,
      "os": [
        "darwin"
      ],
      "engines": {
        "node": "^8.16.0 || ^10.6.0 || >=11.0.0"
      }
    },
    "node_modules/playwright": {
      "version": "1.56.1",
      "resolved": "https://registry.npmjs.org/playwright/-/playwright-1.56.1.tgz",
      "integrity": "sha512-aFi5B0WovBHTEvpM3DzXTUaeN6eN0qWnTkKx4NQaH4Wvcmc153PdaY2UBdSYKaGYw+UyWXSVyxDUg5DoPEttjw==",
      "dev": true,
      "license": "Apache-2.0",
      "dependencies": {
        "playwright-core": "1.56.1"
      },
      "bin": {
        "playwright": "cli.js"
      },
      "engines": {
        "node": ">=18"
      },
      "optionalDependencies": {
        "fsevents": "2.3.2"
      }
    },
    "node_modules/playwright-core": {
      "version": "1.56.1",
      "resolved": "https://registry.npmjs.org/playwright-core/-/playwright-core-1.56.1.tgz",
      "integrity": "sha512-hutraynyn31F+Bifme+Ps9Vq59hKuUCz7H1kDOcBs+2oGguKkWTU50bBWrtz34OUWmIwpBTWDxaRPXrIXkgvmQ==",
      "dev": true,
      "license": "Apache-2.0",
      "bin": {
        "playwright-core": "cli.js"
      },
      "engines": {
        "node": ">=18"
      }
    },
    "node_modules/workerd": {
      "version": "1.20260930.2",
      "resolved": "https://registry.npmjs.org/workerd/-/workerd-1.20260930.2.tgz",
      "integrity": "sha512-k1lQzEiGyCDqaRsR5+o9PBT5wVU5omtas6hXx3spbEHHMFo8a7tkAixVCMsWFeiT7xhrmg21Hd6a9jLNrkcUMg==",
      "dev": true,
      "hasInstallScript": true,
      "license": "Apache-2.0",
      "bin": {
        "workerd": "bin/workerd"
      },
      "engines": {
        "node": ">=16"
      },
      "optionalDependencies": {
        "@cloudflare/workerd-darwin-64": "1.20260930.2",
        "@cloudflare/workerd-darwin-arm64": "1.20260930.2",
        "@cloudflare/workerd-linux-64": "1.20260930.2",
        "@cloudflare/workerd-linux-arm64": "1.20260930.2",
        "@cloudflare/workerd-windows-64": "1.20260930.2"
      }
    }
  }
}
